<?xml version="1.0" encoding="utf-8"?>
<Project ToolsVersion="4.0" xmlns="http://schemas.microsoft.com/developer/msbuild/2003">
  <ItemGroup>
    <Filter Include="Source Files">
      <UniqueIdentifier>{4FC737F1-C7A5-4376-A066-2A32D752A2FF}</UniqueIdentifier>
      <Extensions>cpp;c;cc;cxx;def;odl;idl;hpj;bat;asm;asmx</Extensions>
    </Filter>
    <Filter Include="Header Files">
      <UniqueIdentifier>{93995380-89BD-4b04-88EB-625FBE52EBFB}</UniqueIdentifier>
      <Extensions>h;hh;hpp;hxx;hm;inl;inc;xsd</Extensions>
    </Filter>
    <Filter Include="Resource Files">
      <UniqueIdentifier>{67DA6AB6-F800-4c08-8B7A-83BB121AAD01}</UniqueIdentifier>
      <Extensions>rc;ico;cur;bmp;dlg;rc2;rct;bin;rgs;gif;jpg;jpeg;jpe;resx;tiff;tif;png;wav;mfcribbon-ms</Extensions>
    </Filter>
    <Filter Include="Source Files\MetroidGame">
      <UniqueIdentifier>{9743c8f0-5573-4ba5-818e-c7e592851fe0}</UniqueIdentifier>
    </Filter>
    <Filter Include="Header Files\MetroidGame">
      <UniqueIdentifier>{38d4209f-26ec-4089-8f22-fa9189f101d2}</UniqueIdentifier>
    </Filter>
    <Filter Include="Header Files\MetroidGame\Enemies">
      <UniqueIdentifier>{6608dc87-98e6-4577-852a-5a8f45e47fab}</UniqueIdentifier>
    </Filter>
    <Filter Include="Source Files\MetroidGame\Enemies">
      <UniqueIdentifier>{197cebb2-2239-4951-9750-0a2acf566a25}</UniqueIdentifier>
    </Filter>
    <Filter Include="Header Files\MetroidGame\Items">
      <UniqueIdentifier>{65ef728f-8346-41ab-b999-9f5e71b29eed}</UniqueIdentifier>
    </Filter>
    <Filter Include="Source Files\MetroidGame\Items">
      <UniqueIdentifier>{3ae21933-4a23-4720-bf58-eb70a3530c81}</UniqueIdentifier>
    </Filter>
    <Filter Include="Source Files\MetroidGame\Scenes">
      <UniqueIdentifier>{4d1f9c08-2647-4916-8599-f3cf7b5e325f}</UniqueIdentifier>
    </Filter>
    <Filter Include="Header Files\MetroidGame\Scenes">
      <UniqueIdentifier>{bc776ee0-56d1-4ad5-99be-9a69dfa4bf10}</UniqueIdentifier>
    </Filter>
    <Filter Include="Header Files\MetroidGame\MotherBrain">
      <UniqueIdentifier>{26c3ed19-f195-40fa-bde7-231fc9600fca}</UniqueIdentifier>
    </Filter>
    <Filter Include="Source Files\MetroidGame\MotherBrain">
      <UniqueIdentifier>{27b33cc5-243a-4380-9d6b-79e5dcb4c19b}</UniqueIdentifier>
    </Filter>
    <Filter Include="Header Files\MetroidGame\Player">
      <UniqueIdentifier>{d78a04bb-24db-4486-9614-074568c25f10}</UniqueIdentifier>
    </Filter>
    <Filter Include="Source Files\MetroidGame\Player">
      <UniqueIdentifier>{8b7ce4e4-ce21-4652-abcf-35699d811e74}</UniqueIdentifier>
    </Filter>
    <Filter Include="Header Files\MetroidGame\Kraid">
      <UniqueIdentifier>{ac5e465f-23c0-4a5a-917d-95726f32ce36}</UniqueIdentifier>
    </Filter>
    <Filter Include="Source Files\MetroidGame\Kraid">
      <UniqueIdentifier>{47dc55cc-3643-4045-b5aa-7c9020db0934}</UniqueIdentifier>
    </Filter>
  </ItemGroup>
  <ItemGroup>
    <ClCompile Include="WorldListener.cpp">
      <Filter>Source Files\MetroidGame</Filter>
    </ClCompile>
    <ClCompile Include="Main.cpp">
      <Filter>Source Files</Filter>
    </ClCompile>
    <ClCompile Include="MetroidGame.cpp">
      <Filter>Source Files\MetroidGame</Filter>
    </ClCompile>
    <ClCompile Include="Platform.cpp">
      <Filter>Source Files\MetroidGame</Filter>
    </ClCompile>
    <ClCompile Include="Skree.cpp">
      <Filter>Source Files\MetroidGame\Enemies</Filter>
    </ClCompile>
    <ClCompile Include="Zoomer.cpp">
      <Filter>Source Files\MetroidGame\Enemies</Filter>
    </ClCompile>
    <ClCompile Include="HealthItem.cpp">
      <Filter>Source Files\MetroidGame\Items</Filter>
    </ClCompile>
    <ClCompile Include="MaruMariItem.cpp">
      <Filter>Source Files\MetroidGame\Items</Filter>
    </ClCompile>
    <ClCompile Include="BombItem.cpp">
      <Filter>Source Files\MetroidGame\Items</Filter>
    </ClCompile>
    <ClCompile Include="BreakablePlatform.cpp">
      <Filter>Source Files\MetroidGame</Filter>
    </ClCompile>
    <ClCompile Include="PlayScene.cpp">
      <Filter>Source Files\MetroidGame\Scenes</Filter>
    </ClCompile>
    <ClCompile Include="IntroScene.cpp">
      <Filter>Source Files\MetroidGame\Scenes</Filter>
    </ClCompile>
    <ClCompile Include="StartScene.cpp">
      <Filter>Source Files\MetroidGame\Scenes</Filter>
    </ClCompile>
    <ClCompile Include="Rio.cpp">
      <Filter>Source Files\MetroidGame\Enemies</Filter>
    </ClCompile>
    <ClCompile Include="GameOverScene.cpp">
      <Filter>Source Files\MetroidGame\Scenes</Filter>
    </ClCompile>
    <ClCompile Include="MotherBrain.cpp">
      <Filter>Source Files\MetroidGame\MotherBrain</Filter>
    </ClCompile>
    <ClCompile Include="Cannon.cpp">
      <Filter>Source Files\MetroidGame\MotherBrain</Filter>
    </ClCompile>
    <ClCompile Include="ExplosionEffect.cpp">
      <Filter>Source Files\MetroidGame</Filter>
    </ClCompile>
    <ClCompile Include="Player.cpp">
      <Filter>Source Files\MetroidGame\Player</Filter>
    </ClCompile>
    <ClCompile Include="Bullet.cpp">
      <Filter>Source Files\MetroidGame\Player</Filter>
    </ClCompile>
    <ClCompile Include="Bomb.cpp">
      <Filter>Source Files\MetroidGame\Player</Filter>
    </ClCompile>
    <ClCompile Include="HealthPile.cpp">
      <Filter>Source Files\MetroidGame\MotherBrain</Filter>
    </ClCompile>
    <ClCompile Include="CircleCannon.cpp">
      <Filter>Source Files\MetroidGame\MotherBrain</Filter>
    </ClCompile>
    <ClCompile Include="Kraid.cpp">
      <Filter>Source Files\MetroidGame\Kraid</Filter>
    </ClCompile>
    <ClCompile Include="Ripper.cpp">
      <Filter>Source Files\MetroidGame\Enemies</Filter>
    </ClCompile>
    <ClCompile Include="AirHole.cpp">
      <Filter>Source Files\MetroidGame</Filter>
    </ClCompile>
    <ClCompile Include="Door.cpp">
      <Filter>Source Files\MetroidGame</Filter>
    </ClCompile>
  </ItemGroup>
  <ItemGroup>
    <ClInclude Include="resource.h">
      <Filter>Header Files</Filter>
    </ClInclude>
    <ClInclude Include="MetroidGame.h">
      <Filter>Header Files\MetroidGame</Filter>
    </ClInclude>
    <ClInclude Include="WorldListener.h">
      <Filter>Header Files\MetroidGame</Filter>
    </ClInclude>
    <ClInclude Include="Platform.h">
      <Filter>Header Files\MetroidGame</Filter>
    </ClInclude>
    <ClInclude Include="CollisionBit.h">
      <Filter>Header Files\MetroidGame</Filter>
    </ClInclude>
    <ClInclude Include="Skree.h">
      <Filter>Header Files\MetroidGame\Enemies</Filter>
    </ClInclude>
    <ClInclude Include="Zoomer.h">
      <Filter>Header Files\MetroidGame\Enemies</Filter>
    </ClInclude>
    <ClInclude Include="HealthItem.h">
      <Filter>Header Files\MetroidGame\Items</Filter>
    </ClInclude>
    <ClInclude Include="MaruMariItem.h">
      <Filter>Header Files\MetroidGame\Items</Filter>
    </ClInclude>
    <ClInclude Include="BombItem.h">
      <Filter>Header Files\MetroidGame\Items</Filter>
    </ClInclude>
    <ClInclude Include="BreakablePlatform.h">
      <Filter>Header Files\MetroidGame</Filter>
    </ClInclude>
    <ClInclude Include="PlayScene.h">
      <Filter>Header Files\MetroidGame\Scenes</Filter>
    </ClInclude>
    <ClInclude Include="IntroScene.h">
      <Filter>Header Files\MetroidGame\Scenes</Filter>
    </ClInclude>
    <ClInclude Include="StartScene.h">
      <Filter>Header Files\MetroidGame\Scenes</Filter>
    </ClInclude>
    <ClInclude Include="Rio.h">
      <Filter>Header Files\MetroidGame\Enemies</Filter>
    </ClInclude>
    <ClInclude Include="GameOverScene.h">
      <Filter>Header Files\MetroidGame\Scenes</Filter>
    </ClInclude>
    <ClInclude Include="MotherBrain.h">
      <Filter>Header Files\MetroidGame\MotherBrain</Filter>
    </ClInclude>
    <ClInclude Include="Cannon.h">
      <Filter>Header Files\MetroidGame\MotherBrain</Filter>
    </ClInclude>
    <ClInclude Include="ExplosionEffect.h">
      <Filter>Header Files\MetroidGame</Filter>
    </ClInclude>
    <ClInclude Include="Bomb.h">
      <Filter>Header Files\MetroidGame\Player</Filter>
    </ClInclude>
    <ClInclude Include="Player.h">
      <Filter>Header Files\MetroidGame\Player</Filter>
    </ClInclude>
    <ClInclude Include="Bullet.h">
      <Filter>Header Files\MetroidGame\Player</Filter>
    </ClInclude>
    <ClInclude Include="HealthPile.h">
      <Filter>Header Files\MetroidGame\MotherBrain</Filter>
    </ClInclude>
    <ClInclude Include="CircleCannon.h">
      <Filter>Header Files\MetroidGame\MotherBrain</Filter>
    </ClInclude>
    <ClInclude Include="Kraid.h">
      <Filter>Header Files\MetroidGame\Kraid</Filter>
    </ClInclude>
    <ClInclude Include="Ripper.h">
      <Filter>Header Files\MetroidGame\Enemies</Filter>
    </ClInclude>
    <ClInclude Include="Door.h">
      <Filter>Header Files\MetroidGame</Filter>
    </ClInclude>
    <ClInclude Include="AirHole.h">
      <Filter>Header Files\MetroidGame</Filter>
    </ClInclude>
  </ItemGroup>
  <ItemGroup>
    <ResourceCompile Include="Metroid.rc">
      <Filter>Resource Files</Filter>
    </ResourceCompile>
  </ItemGroup>
</Project>