<?xml version="1.0" encoding="utf-8"?>
<Project ToolsVersion="4.0" xmlns="http://schemas.microsoft.com/developer/msbuild/2003">
  <ItemGroup>
    <Filter Include="Source Files">
      <UniqueIdentifier>{4FC737F1-C7A5-4376-A066-2A32D752A2FF}</UniqueIdentifier>
      <Extensions>cpp;c;cc;cxx;def;odl;idl;hpj;bat;asm;asmx</Extensions>
    </Filter>
    <Filter Include="Header Files">
      <UniqueIdentifier>{93995380-89BD-4b04-88EB-625FBE52EBFB}</UniqueIdentifier>
      <Extensions>h;hh;hpp;hxx;hm;inl;inc;xsd</Extensions>
    </Filter>
    <Filter Include="Resource Files">
      <UniqueIdentifier>{67DA6AB6-F800-4c08-8B7A-83BB121AAD01}</UniqueIdentifier>
      <Extensions>rc;ico;cur;bmp;dlg;rc2;rct;bin;rgs;gif;jpg;jpeg;jpe;resx;tiff;tif;png;wav;mfcribbon-ms</Extensions>
    </Filter>
    <Filter Include="Header Files\Framework">
      <UniqueIdentifier>{9c7919e2-65ca-44c3-85c8-d4e7cda787f4}</UniqueIdentifier>
    </Filter>
    <Filter Include="Source Files\Framework">
      <UniqueIdentifier>{c98d265c-5f5f-40cf-85ac-e167a1e95914}</UniqueIdentifier>
    </Filter>
    <Filter Include="Header Files\Framework\RapidXML">
      <UniqueIdentifier>{0592abdc-ec25-455b-a371-fd3a4ce54389}</UniqueIdentifier>
    </Filter>
    <Filter Include="Header Files\Framework\TMXMapLoader">
      <UniqueIdentifier>{b3b936d9-482b-4ee5-a9cf-fb918c0a6882}</UniqueIdentifier>
    </Filter>
    <Filter Include="Source Files\Framework\TMXMapLoader">
      <UniqueIdentifier>{1ba7b7dd-9757-4bb2-864e-56b5fbf0ba72}</UniqueIdentifier>
    </Filter>
    <Filter Include="Header Files\MetroidGame">
      <UniqueIdentifier>{b6f32786-0e12-451b-926c-5094ef269db7}</UniqueIdentifier>
    </Filter>
    <Filter Include="Source Files\MetroidGame">
      <UniqueIdentifier>{9743c8f0-5573-4ba5-818e-c7e592851fe0}</UniqueIdentifier>
    </Filter>
  </ItemGroup>
  <ItemGroup>
    <ClCompile Include="Main.cpp">
      <Filter>Source Files</Filter>
    </ClCompile>
    <ClCompile Include="Animation.cpp">
      <Filter>Source Files\Framework</Filter>
    </ClCompile>
    <ClCompile Include="Game.cpp">
      <Filter>Source Files\Framework</Filter>
    </ClCompile>
    <ClCompile Include="Object.cpp">
      <Filter>Source Files\Framework</Filter>
    </ClCompile>
    <ClCompile Include="Sprite.cpp">
      <Filter>Source Files\Framework</Filter>
    </ClCompile>
    <ClCompile Include="Utility.cpp">
      <Filter>Source Files\Framework</Filter>
    </ClCompile>
    <ClCompile Include="Vector2.cpp">
      <Filter>Source Files\Framework</Filter>
    </ClCompile>
    <ClCompile Include="World.cpp">
      <Filter>Source Files\Framework</Filter>
    </ClCompile>
    <ClCompile Include="Texture.cpp">
      <Filter>Source Files\Framework</Filter>
    </ClCompile>
    <ClCompile Include="Input.cpp">
      <Filter>Source Files\Framework</Filter>
    </ClCompile>
    <ClCompile Include="SpriteBatch.cpp">
      <Filter>Source Files\Framework</Filter>
    </ClCompile>
    <ClCompile Include="TextureRegion.cpp">
      <Filter>Source Files\Framework</Filter>
    </ClCompile>
    <ClCompile Include="Camera.cpp">
      <Filter>Source Files\Framework</Filter>
    </ClCompile>
    <ClCompile Include="Global.cpp">
      <Filter>Source Files\Framework</Filter>
    </ClCompile>
    <ClCompile Include="TexturePacker.cpp">
      <Filter>Source Files\Framework</Filter>
    </ClCompile>
    <ClCompile Include="Collision.cpp">
      <Filter>Source Files\Framework</Filter>
    </ClCompile>
    <ClCompile Include="TMXLoader.cpp">
      <Filter>Source Files\Framework\TMXMapLoader</Filter>
    </ClCompile>
    <ClCompile Include="TMXMap.cpp">
      <Filter>Source Files\Framework\TMXMapLoader</Filter>
    </ClCompile>
    <ClCompile Include="TMXTileLayer.cpp">
      <Filter>Source Files\Framework\TMXMapLoader</Filter>
    </ClCompile>
    <ClCompile Include="TMXTileSet.cpp">
      <Filter>Source Files\Framework\TMXMapLoader</Filter>
    </ClCompile>
    <ClCompile Include="Body.cpp">
      <Filter>Source Files\Framework</Filter>
    </ClCompile>
    <ClCompile Include="TMXObjectGroup.cpp">
      <Filter>Source Files\Framework\TMXMapLoader</Filter>
    </ClCompile>
    <ClCompile Include="WorldContactListener.cpp">
      <Filter>Source Files\Framework</Filter>
    </ClCompile>
    <ClCompile Include="MetroidGame.cpp">
      <Filter>Source Files\MetroidGame</Filter>
    </ClCompile>
  </ItemGroup>
  <ItemGroup>
    <ClInclude Include="resource.h">
      <Filter>Header Files</Filter>
    </ClInclude>
    <ClInclude Include="Animation.h">
      <Filter>Header Files\Framework</Filter>
    </ClInclude>
    <ClInclude Include="Game.h">
      <Filter>Header Files\Framework</Filter>
    </ClInclude>
    <ClInclude Include="Object.h">
      <Filter>Header Files\Framework</Filter>
    </ClInclude>
    <ClInclude Include="Sprite.h">
      <Filter>Header Files\Framework</Filter>
    </ClInclude>
    <ClInclude Include="stdafx.h">
      <Filter>Header Files\Framework</Filter>
    </ClInclude>
    <ClInclude Include="Utility.h">
      <Filter>Header Files\Framework</Filter>
    </ClInclude>
    <ClInclude Include="Vector2.h">
      <Filter>Header Files\Framework</Filter>
    </ClInclude>
    <ClInclude Include="World.h">
      <Filter>Header Files\Framework</Filter>
    </ClInclude>
    <ClInclude Include="Texture.h">
      <Filter>Header Files\Framework</Filter>
    </ClInclude>
    <ClInclude Include="Input.h">
      <Filter>Header Files\Framework</Filter>
    </ClInclude>
    <ClInclude Include="SpriteBatch.h">
      <Filter>Header Files\Framework</Filter>
    </ClInclude>
    <ClInclude Include="TextureRegion.h">
      <Filter>Header Files\Framework</Filter>
    </ClInclude>
    <ClInclude Include="Camera.h">
      <Filter>Header Files\Framework</Filter>
    </ClInclude>
    <ClInclude Include="Global.h">
      <Filter>Header Files\Framework</Filter>
    </ClInclude>
    <ClInclude Include="TexturePacker.h">
      <Filter>Header Files\Framework</Filter>
    </ClInclude>
    <ClInclude Include="Collision.h">
      <Filter>Header Files\Framework</Filter>
    </ClInclude>
    <ClInclude Include="rapidxml.hpp">
      <Filter>Header Files\Framework\RapidXML</Filter>
    </ClInclude>
    <ClInclude Include="rapidxml_iterators.hpp">
      <Filter>Header Files\Framework\RapidXML</Filter>
    </ClInclude>
    <ClInclude Include="rapidxml_print.hpp">
      <Filter>Header Files\Framework\RapidXML</Filter>
    </ClInclude>
    <ClInclude Include="rapidxml_utils.hpp">
      <Filter>Header Files\Framework\RapidXML</Filter>
    </ClInclude>
    <ClInclude Include="TMXLoader.h">
      <Filter>Header Files\Framework\TMXMapLoader</Filter>
    </ClInclude>
    <ClInclude Include="TMXMap.h">
      <Filter>Header Files\Framework\TMXMapLoader</Filter>
    </ClInclude>
    <ClInclude Include="TMXTileLayer.h">
      <Filter>Header Files\Framework\TMXMapLoader</Filter>
    </ClInclude>
    <ClInclude Include="TMXTileSet.h">
      <Filter>Header Files\Framework\TMXMapLoader</Filter>
    </ClInclude>
    <ClInclude Include="Body.h">
      <Filter>Header Files\Framework</Filter>
    </ClInclude>
    <ClInclude Include="TMXObjectGroup.h">
      <Filter>Header Files\Framework\TMXMapLoader</Filter>
    </ClInclude>
    <ClInclude Include="WorldContactListener.h">
      <Filter>Header Files\Framework</Filter>
    </ClInclude>
    <ClInclude Include="MetroidGame.h">
      <Filter>Header Files\MetroidGame</Filter>
    </ClInclude>
  </ItemGroup>
  <ItemGroup>
    <Text Include="Readme.txt">
      <Filter>Source Files</Filter>
    </Text>
    <Text Include="license.txt">
      <Filter>Header Files\Framework\RapidXML</Filter>
    </Text>
  </ItemGroup>
  <ItemGroup>
    <ResourceCompile Include="Metroid.rc">
      <Filter>Resource Files</Filter>
    </ResourceCompile>
  </ItemGroup>
  <ItemGroup>
    <None Include="manual.html">
      <Filter>Header Files\Framework\RapidXML</Filter>
    </None>
  </ItemGroup>
</Project>